// !$*UTF8*$!
{
	archiveVersion = 1;
	classes = {
	};
	objectVersion = 51;
	objects = {

/* Begin PBXBuildFile section */
		4BDEA6CF968134C3968A29E9 /* Pods_Restaurants.framework in Frameworks */ = {isa = PBXBuildFile; fileRef = 0939BAC6C9FBCD343638FF18 /* Pods_Restaurants.framework */; };
		A339F19F75A95996D3517047 /* Pods_RestaurantsTests.framework in Frameworks */ = {isa = PBXBuildFile; fileRef = 380FF163344110E7E4389030 /* Pods_RestaurantsTests.framework */; };
		FA824D1A23D4626000BDE864 /* AppDelegate.swift in Sources */ = {isa = PBXBuildFile; fileRef = FA824D1923D4626000BDE864 /* AppDelegate.swift */; };
		FA824D1C23D4626000BDE864 /* SceneDelegate.swift in Sources */ = {isa = PBXBuildFile; fileRef = FA824D1B23D4626000BDE864 /* SceneDelegate.swift */; };
		FA824D2423D4626000BDE864 /* Restaurants.xcdatamodeld in Sources */ = {isa = PBXBuildFile; fileRef = FA824D2223D4626000BDE864 /* Restaurants.xcdatamodeld */; };
		FA824D2623D4626200BDE864 /* Assets.xcassets in Resources */ = {isa = PBXBuildFile; fileRef = FA824D2523D4626200BDE864 /* Assets.xcassets */; };
		FA824D2923D4626200BDE864 /* LaunchScreen.storyboard in Resources */ = {isa = PBXBuildFile; fileRef = FA824D2723D4626200BDE864 /* LaunchScreen.storyboard */; };
		FA824D3423D4626300BDE864 /* RestaurantsTests.swift in Sources */ = {isa = PBXBuildFile; fileRef = FA824D3323D4626300BDE864 /* RestaurantsTests.swift */; };
		FA824D4423D46B1500BDE864 /* sample.json in Resources */ = {isa = PBXBuildFile; fileRef = FA824D4323D46B1500BDE864 /* sample.json */; };
		FA824D4723D46B3E00BDE864 /* ViewModel.swift in Sources */ = {isa = PBXBuildFile; fileRef = FA824D4623D46B3E00BDE864 /* ViewModel.swift */; };
		FA824D4A23D46C0100BDE864 /* Restaurant.swift in Sources */ = {isa = PBXBuildFile; fileRef = FA824D4923D46C0100BDE864 /* Restaurant.swift */; };
		FA824D4C23D46C3A00BDE864 /* RestaurantStatus.swift in Sources */ = {isa = PBXBuildFile; fileRef = FA824D4B23D46C3A00BDE864 /* RestaurantStatus.swift */; };
		FA824D4E23D46C4A00BDE864 /* RestaurantSortingValues.swift in Sources */ = {isa = PBXBuildFile; fileRef = FA824D4D23D46C4A00BDE864 /* RestaurantSortingValues.swift */; };
		FA824D5023D46CEB00BDE864 /* RestaurantSortingValuesModel.swift in Sources */ = {isa = PBXBuildFile; fileRef = FA824D4F23D46CEB00BDE864 /* RestaurantSortingValuesModel.swift */; };
		FA824D5223D46D2000BDE864 /* RestaurantModel.swift in Sources */ = {isa = PBXBuildFile; fileRef = FA824D5123D46D2000BDE864 /* RestaurantModel.swift */; };
		FA824D5423D46E1200BDE864 /* RestaurantListModel.swift in Sources */ = {isa = PBXBuildFile; fileRef = FA824D5323D46E1200BDE864 /* RestaurantListModel.swift */; };
		FA824D5823D46FEE00BDE864 /* RestaurantListLoader.swift in Sources */ = {isa = PBXBuildFile; fileRef = FA824D5723D46FEE00BDE864 /* RestaurantListLoader.swift */; };
		FA824D5A23D4718F00BDE864 /* RestaurantListLoaderTests.swift in Sources */ = {isa = PBXBuildFile; fileRef = FA824D5923D4718F00BDE864 /* RestaurantListLoaderTests.swift */; };
		FA824D5D23D4746E00BDE864 /* RestaurantListViewModel.swift in Sources */ = {isa = PBXBuildFile; fileRef = FA824D5C23D4746E00BDE864 /* RestaurantListViewModel.swift */; };
		FA824D5F23D4749200BDE864 /* RestaurantItemViewModel.swift in Sources */ = {isa = PBXBuildFile; fileRef = FA824D5E23D4749200BDE864 /* RestaurantItemViewModel.swift */; };
		FA824D6323D4825000BDE864 /* RestaurantListViewController.swift in Sources */ = {isa = PBXBuildFile; fileRef = FA824D6223D4825000BDE864 /* RestaurantListViewController.swift */; };
		FA824D6523D482FC00BDE864 /* RestaurantItemCell.swift in Sources */ = {isa = PBXBuildFile; fileRef = FA824D6423D482FC00BDE864 /* RestaurantItemCell.swift */; };
		FA824D6723D485B600BDE864 /* RestaurantItemCell.xib in Resources */ = {isa = PBXBuildFile; fileRef = FA824D6623D485B600BDE864 /* RestaurantItemCell.xib */; };
		FA824D6923D4A74200BDE864 /* BookmarkStore.swift in Sources */ = {isa = PBXBuildFile; fileRef = FA824D6823D4A74200BDE864 /* BookmarkStore.swift */; };
		FA824D6B23D4AD9500BDE864 /* UserDefaultsBookmarkStore.swift in Sources */ = {isa = PBXBuildFile; fileRef = FA824D6A23D4AD9500BDE864 /* UserDefaultsBookmarkStore.swift */; };
		FA824D6D23D4C85300BDE864 /* UserDefaultsBookmarkStoreTests.swift in Sources */ = {isa = PBXBuildFile; fileRef = FA824D6C23D4C85300BDE864 /* UserDefaultsBookmarkStoreTests.swift */; };
		FA824D6F23D4CBD300BDE864 /* SortViewModel.swift in Sources */ = {isa = PBXBuildFile; fileRef = FA824D6E23D4CBD300BDE864 /* SortViewModel.swift */; };
		FA824D7223D4CDED00BDE864 /* SortViewController.swift in Sources */ = {isa = PBXBuildFile; fileRef = FA824D7123D4CDED00BDE864 /* SortViewController.swift */; };
		FA824D7623D4DC1100BDE864 /* RestaurantSortField.swift in Sources */ = {isa = PBXBuildFile; fileRef = FA824D7523D4DC1100BDE864 /* RestaurantSortField.swift */; };
		FA824D7823D4DC4200BDE864 /* String+CamelCase.swift in Sources */ = {isa = PBXBuildFile; fileRef = FA824D7723D4DC4200BDE864 /* String+CamelCase.swift */; };
		FA824D7A23D4FE3200BDE864 /* RestaurantSortComparator.swift in Sources */ = {isa = PBXBuildFile; fileRef = FA824D7923D4FE3200BDE864 /* RestaurantSortComparator.swift */; };
		FA824D7C23D5071700BDE864 /* RestaurantSortingValues+RestaurantSortingField.swift in Sources */ = {isa = PBXBuildFile; fileRef = FA824D7B23D5071700BDE864 /* RestaurantSortingValues+RestaurantSortingField.swift */; };
/* End PBXBuildFile section */

/* Begin PBXContainerItemProxy section */
		FA824D3023D4626300BDE864 /* PBXContainerItemProxy */ = {
			isa = PBXContainerItemProxy;
			containerPortal = FA824D0E23D4626000BDE864 /* Project object */;
			proxyType = 1;
			remoteGlobalIDString = FA824D1523D4626000BDE864;
			remoteInfo = Restaurants;
		};
/* End PBXContainerItemProxy section */

/* Begin PBXFileReference section */
		0939BAC6C9FBCD343638FF18 /* Pods_Restaurants.framework */ = {isa = PBXFileReference; explicitFileType = wrapper.framework; includeInIndex = 0; path = Pods_Restaurants.framework; sourceTree = BUILT_PRODUCTS_DIR; };
		1C121C6AFD44D33F71F95FF4 /* Pods-Restaurants.debug.xcconfig */ = {isa = PBXFileReference; includeInIndex = 1; lastKnownFileType = text.xcconfig; name = "Pods-Restaurants.debug.xcconfig"; path = "Target Support Files/Pods-Restaurants/Pods-Restaurants.debug.xcconfig"; sourceTree = "<group>"; };
		380FF163344110E7E4389030 /* Pods_RestaurantsTests.framework */ = {isa = PBXFileReference; explicitFileType = wrapper.framework; includeInIndex = 0; path = Pods_RestaurantsTests.framework; sourceTree = BUILT_PRODUCTS_DIR; };
		5660B4926A5155AD77014249 /* Pods-Restaurants.release.xcconfig */ = {isa = PBXFileReference; includeInIndex = 1; lastKnownFileType = text.xcconfig; name = "Pods-Restaurants.release.xcconfig"; path = "Target Support Files/Pods-Restaurants/Pods-Restaurants.release.xcconfig"; sourceTree = "<group>"; };
		DFB9CCD19FE7B27D48650496 /* Pods-RestaurantsTests.debug.xcconfig */ = {isa = PBXFileReference; includeInIndex = 1; lastKnownFileType = text.xcconfig; name = "Pods-RestaurantsTests.debug.xcconfig"; path = "Target Support Files/Pods-RestaurantsTests/Pods-RestaurantsTests.debug.xcconfig"; sourceTree = "<group>"; };
		FA824D1623D4626000BDE864 /* Restaurants.app */ = {isa = PBXFileReference; explicitFileType = wrapper.application; includeInIndex = 0; path = Restaurants.app; sourceTree = BUILT_PRODUCTS_DIR; };
		FA824D1923D4626000BDE864 /* AppDelegate.swift */ = {isa = PBXFileReference; lastKnownFileType = sourcecode.swift; path = AppDelegate.swift; sourceTree = "<group>"; };
		FA824D1B23D4626000BDE864 /* SceneDelegate.swift */ = {isa = PBXFileReference; lastKnownFileType = sourcecode.swift; path = SceneDelegate.swift; sourceTree = "<group>"; };
		FA824D2323D4626000BDE864 /* Restaurants.xcdatamodel */ = {isa = PBXFileReference; lastKnownFileType = wrapper.xcdatamodel; path = Restaurants.xcdatamodel; sourceTree = "<group>"; };
		FA824D2523D4626200BDE864 /* Assets.xcassets */ = {isa = PBXFileReference; lastKnownFileType = folder.assetcatalog; path = Assets.xcassets; sourceTree = "<group>"; };
		FA824D2823D4626200BDE864 /* Base */ = {isa = PBXFileReference; lastKnownFileType = file.storyboard; name = Base; path = Base.lproj/LaunchScreen.storyboard; sourceTree = "<group>"; };
		FA824D2A23D4626200BDE864 /* Info.plist */ = {isa = PBXFileReference; lastKnownFileType = text.plist.xml; path = Info.plist; sourceTree = "<group>"; };
		FA824D2F23D4626300BDE864 /* RestaurantsTests.xctest */ = {isa = PBXFileReference; explicitFileType = wrapper.cfbundle; includeInIndex = 0; path = RestaurantsTests.xctest; sourceTree = BUILT_PRODUCTS_DIR; };
		FA824D3323D4626300BDE864 /* RestaurantsTests.swift */ = {isa = PBXFileReference; lastKnownFileType = sourcecode.swift; path = RestaurantsTests.swift; sourceTree = "<group>"; };
		FA824D3523D4626300BDE864 /* Info.plist */ = {isa = PBXFileReference; lastKnownFileType = text.plist.xml; path = Info.plist; sourceTree = "<group>"; };
		FA824D4123D4697B00BDE864 /* .swiftlint.yml */ = {isa = PBXFileReference; fileEncoding = 4; lastKnownFileType = text.yaml; name = .swiftlint.yml; path = "/Users/elmodos/Projects/test-assignment-restaurants/.swiftlint.yml"; sourceTree = "<absolute>"; };
		FA824D4323D46B1500BDE864 /* sample.json */ = {isa = PBXFileReference; fileEncoding = 4; lastKnownFileType = text.json; path = sample.json; sourceTree = "<group>"; };
		FA824D4623D46B3E00BDE864 /* ViewModel.swift */ = {isa = PBXFileReference; lastKnownFileType = sourcecode.swift; path = ViewModel.swift; sourceTree = "<group>"; };
		FA824D4923D46C0100BDE864 /* Restaurant.swift */ = {isa = PBXFileReference; lastKnownFileType = sourcecode.swift; path = Restaurant.swift; sourceTree = "<group>"; };
		FA824D4B23D46C3A00BDE864 /* RestaurantStatus.swift */ = {isa = PBXFileReference; lastKnownFileType = sourcecode.swift; path = RestaurantStatus.swift; sourceTree = "<group>"; };
		FA824D4D23D46C4A00BDE864 /* RestaurantSortingValues.swift */ = {isa = PBXFileReference; lastKnownFileType = sourcecode.swift; path = RestaurantSortingValues.swift; sourceTree = "<group>"; };
		FA824D4F23D46CEB00BDE864 /* RestaurantSortingValuesModel.swift */ = {isa = PBXFileReference; lastKnownFileType = sourcecode.swift; path = RestaurantSortingValuesModel.swift; sourceTree = "<group>"; };
		FA824D5123D46D2000BDE864 /* RestaurantModel.swift */ = {isa = PBXFileReference; lastKnownFileType = sourcecode.swift; path = RestaurantModel.swift; sourceTree = "<group>"; };
		FA824D5323D46E1200BDE864 /* RestaurantListModel.swift */ = {isa = PBXFileReference; lastKnownFileType = sourcecode.swift; path = RestaurantListModel.swift; sourceTree = "<group>"; };
		FA824D5723D46FEE00BDE864 /* RestaurantListLoader.swift */ = {isa = PBXFileReference; lastKnownFileType = sourcecode.swift; path = RestaurantListLoader.swift; sourceTree = "<group>"; };
		FA824D5923D4718F00BDE864 /* RestaurantListLoaderTests.swift */ = {isa = PBXFileReference; lastKnownFileType = sourcecode.swift; path = RestaurantListLoaderTests.swift; sourceTree = "<group>"; };
		FA824D5C23D4746E00BDE864 /* RestaurantListViewModel.swift */ = {isa = PBXFileReference; lastKnownFileType = sourcecode.swift; path = RestaurantListViewModel.swift; sourceTree = "<group>"; };
		FA824D5E23D4749200BDE864 /* RestaurantItemViewModel.swift */ = {isa = PBXFileReference; lastKnownFileType = sourcecode.swift; path = RestaurantItemViewModel.swift; sourceTree = "<group>"; };
		FA824D6223D4825000BDE864 /* RestaurantListViewController.swift */ = {isa = PBXFileReference; lastKnownFileType = sourcecode.swift; path = RestaurantListViewController.swift; sourceTree = "<group>"; };
		FA824D6423D482FC00BDE864 /* RestaurantItemCell.swift */ = {isa = PBXFileReference; lastKnownFileType = sourcecode.swift; path = RestaurantItemCell.swift; sourceTree = "<group>"; };
		FA824D6623D485B600BDE864 /* RestaurantItemCell.xib */ = {isa = PBXFileReference; lastKnownFileType = file.xib; path = RestaurantItemCell.xib; sourceTree = "<group>"; };
		FA824D6823D4A74200BDE864 /* BookmarkStore.swift */ = {isa = PBXFileReference; lastKnownFileType = sourcecode.swift; path = BookmarkStore.swift; sourceTree = "<group>"; };
		FA824D6A23D4AD9500BDE864 /* UserDefaultsBookmarkStore.swift */ = {isa = PBXFileReference; lastKnownFileType = sourcecode.swift; path = UserDefaultsBookmarkStore.swift; sourceTree = "<group>"; };
		FA824D6C23D4C85300BDE864 /* UserDefaultsBookmarkStoreTests.swift */ = {isa = PBXFileReference; lastKnownFileType = sourcecode.swift; path = UserDefaultsBookmarkStoreTests.swift; sourceTree = "<group>"; };
		FA824D6E23D4CBD300BDE864 /* SortViewModel.swift */ = {isa = PBXFileReference; lastKnownFileType = sourcecode.swift; path = SortViewModel.swift; sourceTree = "<group>"; };
		FA824D7123D4CDED00BDE864 /* SortViewController.swift */ = {isa = PBXFileReference; lastKnownFileType = sourcecode.swift; path = SortViewController.swift; sourceTree = "<group>"; };
		FA824D7523D4DC1100BDE864 /* RestaurantSortField.swift */ = {isa = PBXFileReference; lastKnownFileType = sourcecode.swift; path = RestaurantSortField.swift; sourceTree = "<group>"; };
		FA824D7723D4DC4200BDE864 /* String+CamelCase.swift */ = {isa = PBXFileReference; lastKnownFileType = sourcecode.swift; path = "String+CamelCase.swift"; sourceTree = "<group>"; };
		FA824D7923D4FE3200BDE864 /* RestaurantSortComparator.swift */ = {isa = PBXFileReference; lastKnownFileType = sourcecode.swift; path = RestaurantSortComparator.swift; sourceTree = "<group>"; };
		FA824D7B23D5071700BDE864 /* RestaurantSortingValues+RestaurantSortingField.swift */ = {isa = PBXFileReference; lastKnownFileType = sourcecode.swift; path = "RestaurantSortingValues+RestaurantSortingField.swift"; sourceTree = "<group>"; };
		FCBC2D899E9E6619D561E6BB /* Pods-RestaurantsTests.release.xcconfig */ = {isa = PBXFileReference; includeInIndex = 1; lastKnownFileType = text.xcconfig; name = "Pods-RestaurantsTests.release.xcconfig"; path = "Target Support Files/Pods-RestaurantsTests/Pods-RestaurantsTests.release.xcconfig"; sourceTree = "<group>"; };
/* End PBXFileReference section */

/* Begin PBXFrameworksBuildPhase section */
		FA824D1323D4626000BDE864 /* Frameworks */ = {
			isa = PBXFrameworksBuildPhase;
			buildActionMask = 2147483647;
			files = (
				4BDEA6CF968134C3968A29E9 /* Pods_Restaurants.framework in Frameworks */,
			);
			runOnlyForDeploymentPostprocessing = 0;
		};
		FA824D2C23D4626300BDE864 /* Frameworks */ = {
			isa = PBXFrameworksBuildPhase;
			buildActionMask = 2147483647;
			files = (
				A339F19F75A95996D3517047 /* Pods_RestaurantsTests.framework in Frameworks */,
			);
			runOnlyForDeploymentPostprocessing = 0;
		};
/* End PBXFrameworksBuildPhase section */

/* Begin PBXGroup section */
		A662CFADEB735DEE11D4BC01 /* Pods */ = {
			isa = PBXGroup;
			children = (
				1C121C6AFD44D33F71F95FF4 /* Pods-Restaurants.debug.xcconfig */,
				5660B4926A5155AD77014249 /* Pods-Restaurants.release.xcconfig */,
				DFB9CCD19FE7B27D48650496 /* Pods-RestaurantsTests.debug.xcconfig */,
				FCBC2D899E9E6619D561E6BB /* Pods-RestaurantsTests.release.xcconfig */,
			);
			path = Pods;
			sourceTree = "<group>";
		};
		FA824D0D23D4626000BDE864 = {
			isa = PBXGroup;
			children = (
				FA824D1823D4626000BDE864 /* Restaurants */,
				FA824D3223D4626300BDE864 /* RestaurantsTests */,
				FA824D1723D4626000BDE864 /* Products */,
				A662CFADEB735DEE11D4BC01 /* Pods */,
				FAD9D169B9DE0CCD8E7B63CB /* Frameworks */,
				FA824D4123D4697B00BDE864 /* .swiftlint.yml */,
			);
			sourceTree = "<group>";
		};
		FA824D1723D4626000BDE864 /* Products */ = {
			isa = PBXGroup;
			children = (
				FA824D1623D4626000BDE864 /* Restaurants.app */,
				FA824D2F23D4626300BDE864 /* RestaurantsTests.xctest */,
			);
			name = Products;
			sourceTree = "<group>";
		};
		FA824D1823D4626000BDE864 /* Restaurants */ = {
			isa = PBXGroup;
			children = (
				FA824D6023D4821B00BDE864 /* Scenes */,
				FA824D5B23D4740100BDE864 /* ViewModels */,
				FA824D4523D46B3000BDE864 /* Shared */,
				FA824D4823D46B8F00BDE864 /* Models */,
				FA824D4223D46AF800BDE864 /* Resources */,
				FA824D1923D4626000BDE864 /* AppDelegate.swift */,
				FA824D1B23D4626000BDE864 /* SceneDelegate.swift */,
				FA824D2523D4626200BDE864 /* Assets.xcassets */,
				FA824D2723D4626200BDE864 /* LaunchScreen.storyboard */,
				FA824D2A23D4626200BDE864 /* Info.plist */,
				FA824D2223D4626000BDE864 /* Restaurants.xcdatamodeld */,
			);
			path = Restaurants;
			sourceTree = "<group>";
		};
		FA824D3223D4626300BDE864 /* RestaurantsTests */ = {
			isa = PBXGroup;
			children = (
				FA824D3323D4626300BDE864 /* RestaurantsTests.swift */,
				FA824D3523D4626300BDE864 /* Info.plist */,
			);
			path = RestaurantsTests;
			sourceTree = "<group>";
		};
		FA824D4223D46AF800BDE864 /* Resources */ = {
			isa = PBXGroup;
			children = (
				FA824D4323D46B1500BDE864 /* sample.json */,
			);
			path = Resources;
			sourceTree = "<group>";
		};
		FA824D4523D46B3000BDE864 /* Shared */ = {
			isa = PBXGroup;
			children = (
				FA824D6823D4A74200BDE864 /* BookmarkStore.swift */,
				FA824D4923D46C0100BDE864 /* Restaurant.swift */,
				FA824D5723D46FEE00BDE864 /* RestaurantListLoader.swift */,
				FA824D5923D4718F00BDE864 /* RestaurantListLoaderTests.swift */,
				FA824D7523D4DC1100BDE864 /* RestaurantSortField.swift */,
				FA824D4D23D46C4A00BDE864 /* RestaurantSortingValues.swift */,
				FA824D7B23D5071700BDE864 /* RestaurantSortingValues+RestaurantSortingField.swift */,
				FA824D4B23D46C3A00BDE864 /* RestaurantStatus.swift */,
				FA824D7723D4DC4200BDE864 /* String+CamelCase.swift */,
				FA824D4623D46B3E00BDE864 /* ViewModel.swift */,
			);
			path = Shared;
			sourceTree = "<group>";
		};
		FA824D4823D46B8F00BDE864 /* Models */ = {
			isa = PBXGroup;
			children = (
				FA824D4F23D46CEB00BDE864 /* RestaurantSortingValuesModel.swift */,
				FA824D5123D46D2000BDE864 /* RestaurantModel.swift */,
				FA824D5323D46E1200BDE864 /* RestaurantListModel.swift */,
				FA824D6A23D4AD9500BDE864 /* UserDefaultsBookmarkStore.swift */,
				FA824D6C23D4C85300BDE864 /* UserDefaultsBookmarkStoreTests.swift */,
				FA824D7923D4FE3200BDE864 /* RestaurantSortComparator.swift */,
			);
			path = Models;
			sourceTree = "<group>";
		};
		FA824D5B23D4740100BDE864 /* ViewModels */ = {
			isa = PBXGroup;
			children = (
				FA824D5C23D4746E00BDE864 /* RestaurantListViewModel.swift */,
				FA824D5E23D4749200BDE864 /* RestaurantItemViewModel.swift */,
				FA824D6E23D4CBD300BDE864 /* SortViewModel.swift */,
			);
			path = ViewModels;
			sourceTree = "<group>";
		};
		FA824D6023D4821B00BDE864 /* Scenes */ = {
			isa = PBXGroup;
			children = (
				FA824D7023D4CDCF00BDE864 /* SortViewController */,
				FA824D6123D4822400BDE864 /* RestaurantListViewController */,
			);
			path = Scenes;
			sourceTree = "<group>";
		};
		FA824D6123D4822400BDE864 /* RestaurantListViewController */ = {
			isa = PBXGroup;
			children = (
				FA824D6223D4825000BDE864 /* RestaurantListViewController.swift */,
				FA824D6423D482FC00BDE864 /* RestaurantItemCell.swift */,
				FA824D6623D485B600BDE864 /* RestaurantItemCell.xib */,
			);
			path = RestaurantListViewController;
			sourceTree = "<group>";
		};
		FA824D7023D4CDCF00BDE864 /* SortViewController */ = {
			isa = PBXGroup;
			children = (
				FA824D7123D4CDED00BDE864 /* SortViewController.swift */,
			);
			path = SortViewController;
			sourceTree = "<group>";
		};
		FAD9D169B9DE0CCD8E7B63CB /* Frameworks */ = {
			isa = PBXGroup;
			children = (
				0939BAC6C9FBCD343638FF18 /* Pods_Restaurants.framework */,
				380FF163344110E7E4389030 /* Pods_RestaurantsTests.framework */,
			);
			name = Frameworks;
			sourceTree = "<group>";
		};
/* End PBXGroup section */

/* Begin PBXNativeTarget section */
		FA824D1523D4626000BDE864 /* Restaurants */ = {
			isa = PBXNativeTarget;
			buildConfigurationList = FA824D3823D4626300BDE864 /* Build configuration list for PBXNativeTarget "Restaurants" */;
			buildPhases = (
				A7571DE1FCB2E564CD2257F5 /* [CP] Check Pods Manifest.lock */,
				FA824D3E23D468DF00BDE864 /* 👽 Swiftlint */,
				FA824D1223D4626000BDE864 /* Sources */,
				FA824D1323D4626000BDE864 /* Frameworks */,
				FA824D1423D4626000BDE864 /* Resources */,
				49ADBABDF4A691E9E5D53465 /* [CP] Embed Pods Frameworks */,
			);
			buildRules = (
			);
			dependencies = (
			);
			name = Restaurants;
			productName = Restaurants;
			productReference = FA824D1623D4626000BDE864 /* Restaurants.app */;
			productType = "com.apple.product-type.application";
		};
		FA824D2E23D4626300BDE864 /* RestaurantsTests */ = {
			isa = PBXNativeTarget;
			buildConfigurationList = FA824D3B23D4626300BDE864 /* Build configuration list for PBXNativeTarget "RestaurantsTests" */;
			buildPhases = (
				634468CCC87F9E4442C7B21F /* [CP] Check Pods Manifest.lock */,
				FA824D2B23D4626300BDE864 /* Sources */,
				FA824D2C23D4626300BDE864 /* Frameworks */,
				FA824D2D23D4626300BDE864 /* Resources */,
			);
			buildRules = (
			);
			dependencies = (
				FA824D3123D4626300BDE864 /* PBXTargetDependency */,
			);
			name = RestaurantsTests;
			productName = RestaurantsTests;
			productReference = FA824D2F23D4626300BDE864 /* RestaurantsTests.xctest */;
			productType = "com.apple.product-type.bundle.unit-test";
		};
/* End PBXNativeTarget section */

/* Begin PBXProject section */
		FA824D0E23D4626000BDE864 /* Project object */ = {
			isa = PBXProject;
			attributes = {
				LastSwiftUpdateCheck = 1120;
				LastUpgradeCheck = 1120;
				ORGANIZATIONNAME = "Modo Ltunzher";
				TargetAttributes = {
					FA824D1523D4626000BDE864 = {
						CreatedOnToolsVersion = 11.2.1;
					};
					FA824D2E23D4626300BDE864 = {
						CreatedOnToolsVersion = 11.2.1;
						TestTargetID = FA824D1523D4626000BDE864;
					};
				};
			};
			buildConfigurationList = FA824D1123D4626000BDE864 /* Build configuration list for PBXProject "Restaurants" */;
			compatibilityVersion = "Xcode 9.3";
			developmentRegion = en;
			hasScannedForEncodings = 0;
			knownRegions = (
				en,
				Base,
			);
			mainGroup = FA824D0D23D4626000BDE864;
			productRefGroup = FA824D1723D4626000BDE864 /* Products */;
			projectDirPath = "";
			projectRoot = "";
			targets = (
				FA824D1523D4626000BDE864 /* Restaurants */,
				FA824D2E23D4626300BDE864 /* RestaurantsTests */,
			);
		};
/* End PBXProject section */

/* Begin PBXResourcesBuildPhase section */
		FA824D1423D4626000BDE864 /* Resources */ = {
			isa = PBXResourcesBuildPhase;
			buildActionMask = 2147483647;
			files = (
				FA824D2923D4626200BDE864 /* LaunchScreen.storyboard in Resources */,
				FA824D2623D4626200BDE864 /* Assets.xcassets in Resources */,
				FA824D4423D46B1500BDE864 /* sample.json in Resources */,
				FA824D6723D485B600BDE864 /* RestaurantItemCell.xib in Resources */,
			);
			runOnlyForDeploymentPostprocessing = 0;
		};
		FA824D2D23D4626300BDE864 /* Resources */ = {
			isa = PBXResourcesBuildPhase;
			buildActionMask = 2147483647;
			files = (
			);
			runOnlyForDeploymentPostprocessing = 0;
		};
/* End PBXResourcesBuildPhase section */

/* Begin PBXShellScriptBuildPhase section */
		49ADBABDF4A691E9E5D53465 /* [CP] Embed Pods Frameworks */ = {
			isa = PBXShellScriptBuildPhase;
			buildActionMask = 2147483647;
			files = (
			);
			inputFileListPaths = (
				"${PODS_ROOT}/Target Support Files/Pods-Restaurants/Pods-Restaurants-frameworks-${CONFIGURATION}-input-files.xcfilelist",
			);
			name = "[CP] Embed Pods Frameworks";
			outputFileListPaths = (
				"${PODS_ROOT}/Target Support Files/Pods-Restaurants/Pods-Restaurants-frameworks-${CONFIGURATION}-output-files.xcfilelist",
			);
			runOnlyForDeploymentPostprocessing = 0;
			shellPath = /bin/sh;
			shellScript = "\"${PODS_ROOT}/Target Support Files/Pods-Restaurants/Pods-Restaurants-frameworks.sh\"\n";
			showEnvVarsInLog = 0;
		};
		634468CCC87F9E4442C7B21F /* [CP] Check Pods Manifest.lock */ = {
			isa = PBXShellScriptBuildPhase;
			buildActionMask = 2147483647;
			files = (
			);
			inputFileListPaths = (
			);
			inputPaths = (
				"${PODS_PODFILE_DIR_PATH}/Podfile.lock",
				"${PODS_ROOT}/Manifest.lock",
			);
			name = "[CP] Check Pods Manifest.lock";
			outputFileListPaths = (
			);
			outputPaths = (
				"$(DERIVED_FILE_DIR)/Pods-RestaurantsTests-checkManifestLockResult.txt",
			);
			runOnlyForDeploymentPostprocessing = 0;
			shellPath = /bin/sh;
			shellScript = "diff \"${PODS_PODFILE_DIR_PATH}/Podfile.lock\" \"${PODS_ROOT}/Manifest.lock\" > /dev/null\nif [ $? != 0 ] ; then\n    # print error to STDERR\n    echo \"error: The sandbox is not in sync with the Podfile.lock. Run 'pod install' or update your CocoaPods installation.\" >&2\n    exit 1\nfi\n# This output is used by Xcode 'outputs' to avoid re-running this script phase.\necho \"SUCCESS\" > \"${SCRIPT_OUTPUT_FILE_0}\"\n";
			showEnvVarsInLog = 0;
		};
		A7571DE1FCB2E564CD2257F5 /* [CP] Check Pods Manifest.lock */ = {
			isa = PBXShellScriptBuildPhase;
			buildActionMask = 2147483647;
			files = (
			);
			inputFileListPaths = (
			);
			inputPaths = (
				"${PODS_PODFILE_DIR_PATH}/Podfile.lock",
				"${PODS_ROOT}/Manifest.lock",
			);
			name = "[CP] Check Pods Manifest.lock";
			outputFileListPaths = (
			);
			outputPaths = (
				"$(DERIVED_FILE_DIR)/Pods-Restaurants-checkManifestLockResult.txt",
			);
			runOnlyForDeploymentPostprocessing = 0;
			shellPath = /bin/sh;
			shellScript = "diff \"${PODS_PODFILE_DIR_PATH}/Podfile.lock\" \"${PODS_ROOT}/Manifest.lock\" > /dev/null\nif [ $? != 0 ] ; then\n    # print error to STDERR\n    echo \"error: The sandbox is not in sync with the Podfile.lock. Run 'pod install' or update your CocoaPods installation.\" >&2\n    exit 1\nfi\n# This output is used by Xcode 'outputs' to avoid re-running this script phase.\necho \"SUCCESS\" > \"${SCRIPT_OUTPUT_FILE_0}\"\n";
			showEnvVarsInLog = 0;
		};
		FA824D3E23D468DF00BDE864 /* 👽 Swiftlint */ = {
			isa = PBXShellScriptBuildPhase;
			buildActionMask = 2147483647;
			files = (
			);
			inputFileListPaths = (
			);
			inputPaths = (
			);
			name = "👽 Swiftlint";
			outputFileListPaths = (
			);
			outputPaths = (
			);
			runOnlyForDeploymentPostprocessing = 0;
			shellPath = /bin/sh;
			shellScript = "${PODS_ROOT}/SwiftLint/swiftlint\n";
		};
/* End PBXShellScriptBuildPhase section */

/* Begin PBXSourcesBuildPhase section */
		FA824D1223D4626000BDE864 /* Sources */ = {
			isa = PBXSourcesBuildPhase;
			buildActionMask = 2147483647;
			files = (
				FA824D5823D46FEE00BDE864 /* RestaurantListLoader.swift in Sources */,
				FA824D7623D4DC1100BDE864 /* RestaurantSortField.swift in Sources */,
				FA824D7C23D5071700BDE864 /* RestaurantSortingValues+RestaurantSortingField.swift in Sources */,
				FA824D6923D4A74200BDE864 /* BookmarkStore.swift in Sources */,
				FA824D5D23D4746E00BDE864 /* RestaurantListViewModel.swift in Sources */,
				FA824D4A23D46C0100BDE864 /* Restaurant.swift in Sources */,
				FA824D6F23D4CBD300BDE864 /* SortViewModel.swift in Sources */,
				FA824D6323D4825000BDE864 /* RestaurantListViewController.swift in Sources */,
				FA824D5223D46D2000BDE864 /* RestaurantModel.swift in Sources */,
				FA824D5023D46CEB00BDE864 /* RestaurantSortingValuesModel.swift in Sources */,
				FA824D2423D4626000BDE864 /* Restaurants.xcdatamodeld in Sources */,
				FA824D4C23D46C3A00BDE864 /* RestaurantStatus.swift in Sources */,
				FA824D5F23D4749200BDE864 /* RestaurantItemViewModel.swift in Sources */,
				FA824D1A23D4626000BDE864 /* AppDelegate.swift in Sources */,
				FA824D5423D46E1200BDE864 /* RestaurantListModel.swift in Sources */,
				FA824D7823D4DC4200BDE864 /* String+CamelCase.swift in Sources */,
				FA824D4723D46B3E00BDE864 /* ViewModel.swift in Sources */,
				FA824D6523D482FC00BDE864 /* RestaurantItemCell.swift in Sources */,
				FA824D6B23D4AD9500BDE864 /* UserDefaultsBookmarkStore.swift in Sources */,
				FA824D7A23D4FE3200BDE864 /* RestaurantSortComparator.swift in Sources */,
				FA824D7223D4CDED00BDE864 /* SortViewController.swift in Sources */,
				FA824D1C23D4626000BDE864 /* SceneDelegate.swift in Sources */,
				FA824D4E23D46C4A00BDE864 /* RestaurantSortingValues.swift in Sources */,
			);
			runOnlyForDeploymentPostprocessing = 0;
		};
		FA824D2B23D4626300BDE864 /* Sources */ = {
			isa = PBXSourcesBuildPhase;
			buildActionMask = 2147483647;
			files = (
				FA824D3423D4626300BDE864 /* RestaurantsTests.swift in Sources */,
				FA824D5A23D4718F00BDE864 /* RestaurantListLoaderTests.swift in Sources */,
				FA824D6D23D4C85300BDE864 /* UserDefaultsBookmarkStoreTests.swift in Sources */,
			);
			runOnlyForDeploymentPostprocessing = 0;
		};
/* End PBXSourcesBuildPhase section */

/* Begin PBXTargetDependency section */
		FA824D3123D4626300BDE864 /* PBXTargetDependency */ = {
			isa = PBXTargetDependency;
			target = FA824D1523D4626000BDE864 /* Restaurants */;
			targetProxy = FA824D3023D4626300BDE864 /* PBXContainerItemProxy */;
		};
/* End PBXTargetDependency section */

/* Begin PBXVariantGroup section */
		FA824D2723D4626200BDE864 /* LaunchScreen.storyboard */ = {
			isa = PBXVariantGroup;
			children = (
				FA824D2823D4626200BDE864 /* Base */,
			);
			name = LaunchScreen.storyboard;
			sourceTree = "<group>";
		};
/* End PBXVariantGroup section */

/* Begin XCBuildConfiguration section */
		FA824D3623D4626300BDE864 /* Debug */ = {
			isa = XCBuildConfiguration;
			buildSettings = {
				ALWAYS_SEARCH_USER_PATHS = NO;
				CLANG_ANALYZER_NONNULL = YES;
				CLANG_ANALYZER_NUMBER_OBJECT_CONVERSION = YES_AGGRESSIVE;
				CLANG_CXX_LANGUAGE_STANDARD = "gnu++14";
				CLANG_CXX_LIBRARY = "libc++";
				CLANG_ENABLE_MODULES = YES;
				CLANG_ENABLE_OBJC_ARC = YES;
				CLANG_ENABLE_OBJC_WEAK = YES;
				CLANG_WARN_BLOCK_CAPTURE_AUTORELEASING = YES;
				CLANG_WARN_BOOL_CONVERSION = YES;
				CLANG_WARN_COMMA = YES;
				CLANG_WARN_CONSTANT_CONVERSION = YES;
				CLANG_WARN_DEPRECATED_OBJC_IMPLEMENTATIONS = YES;
				CLANG_WARN_DIRECT_OBJC_ISA_USAGE = YES_ERROR;
				CLANG_WARN_DOCUMENTATION_COMMENTS = YES;
				CLANG_WARN_EMPTY_BODY = YES;
				CLANG_WARN_ENUM_CONVERSION = YES;
				CLANG_WARN_INFINITE_RECURSION = YES;
				CLANG_WARN_INT_CONVERSION = YES;
				CLANG_WARN_NON_LITERAL_NULL_CONVERSION = YES;
				CLANG_WARN_OBJC_IMPLICIT_RETAIN_SELF = YES;
				CLANG_WARN_OBJC_LITERAL_CONVERSION = YES;
				CLANG_WARN_OBJC_ROOT_CLASS = YES_ERROR;
				CLANG_WARN_RANGE_LOOP_ANALYSIS = YES;
				CLANG_WARN_STRICT_PROTOTYPES = YES;
				CLANG_WARN_SUSPICIOUS_MOVE = YES;
				CLANG_WARN_UNGUARDED_AVAILABILITY = YES_AGGRESSIVE;
				CLANG_WARN_UNREACHABLE_CODE = YES;
				CLANG_WARN__DUPLICATE_METHOD_MATCH = YES;
				COPY_PHASE_STRIP = NO;
				DEBUG_INFORMATION_FORMAT = dwarf;
				ENABLE_STRICT_OBJC_MSGSEND = YES;
				ENABLE_TESTABILITY = YES;
				GCC_C_LANGUAGE_STANDARD = gnu11;
				GCC_DYNAMIC_NO_PIC = NO;
				GCC_NO_COMMON_BLOCKS = YES;
				GCC_OPTIMIZATION_LEVEL = 0;
				GCC_PREPROCESSOR_DEFINITIONS = (
					"DEBUG=1",
					"$(inherited)",
				);
				GCC_WARN_64_TO_32_BIT_CONVERSION = YES;
				GCC_WARN_ABOUT_RETURN_TYPE = YES_ERROR;
				GCC_WARN_UNDECLARED_SELECTOR = YES;
				GCC_WARN_UNINITIALIZED_AUTOS = YES_AGGRESSIVE;
				GCC_WARN_UNUSED_FUNCTION = YES;
				GCC_WARN_UNUSED_VARIABLE = YES;
				IPHONEOS_DEPLOYMENT_TARGET = 13.2;
				MTL_ENABLE_DEBUG_INFO = INCLUDE_SOURCE;
				MTL_FAST_MATH = YES;
				ONLY_ACTIVE_ARCH = YES;
				SDKROOT = iphoneos;
				SWIFT_ACTIVE_COMPILATION_CONDITIONS = DEBUG;
				SWIFT_OPTIMIZATION_LEVEL = "-Onone";
			};
			name = Debug;
		};
		FA824D3723D4626300BDE864 /* Release */ = {
			isa = XCBuildConfiguration;
			buildSettings = {
				ALWAYS_SEARCH_USER_PATHS = NO;
				CLANG_ANALYZER_NONNULL = YES;
				CLANG_ANALYZER_NUMBER_OBJECT_CONVERSION = YES_AGGRESSIVE;
				CLANG_CXX_LANGUAGE_STANDARD = "gnu++14";
				CLANG_CXX_LIBRARY = "libc++";
				CLANG_ENABLE_MODULES = YES;
				CLANG_ENABLE_OBJC_ARC = YES;
				CLANG_ENABLE_OBJC_WEAK = YES;
				CLANG_WARN_BLOCK_CAPTURE_AUTORELEASING = YES;
				CLANG_WARN_BOOL_CONVERSION = YES;
				CLANG_WARN_COMMA = YES;
				CLANG_WARN_CONSTANT_CONVERSION = YES;
				CLANG_WARN_DEPRECATED_OBJC_IMPLEMENTATIONS = YES;
				CLANG_WARN_DIRECT_OBJC_ISA_USAGE = YES_ERROR;
				CLANG_WARN_DOCUMENTATION_COMMENTS = YES;
				CLANG_WARN_EMPTY_BODY = YES;
				CLANG_WARN_ENUM_CONVERSION = YES;
				CLANG_WARN_INFINITE_RECURSION = YES;
				CLANG_WARN_INT_CONVERSION = YES;
				CLANG_WARN_NON_LITERAL_NULL_CONVERSION = YES;
				CLANG_WARN_OBJC_IMPLICIT_RETAIN_SELF = YES;
				CLANG_WARN_OBJC_LITERAL_CONVERSION = YES;
				CLANG_WARN_OBJC_ROOT_CLASS = YES_ERROR;
				CLANG_WARN_RANGE_LOOP_ANALYSIS = YES;
				CLANG_WARN_STRICT_PROTOTYPES = YES;
				CLANG_WARN_SUSPICIOUS_MOVE = YES;
				CLANG_WARN_UNGUARDED_AVAILABILITY = YES_AGGRESSIVE;
				CLANG_WARN_UNREACHABLE_CODE = YES;
				CLANG_WARN__DUPLICATE_METHOD_MATCH = YES;
				COPY_PHASE_STRIP = NO;
				DEBUG_INFORMATION_FORMAT = "dwarf-with-dsym";
				ENABLE_NS_ASSERTIONS = NO;
				ENABLE_STRICT_OBJC_MSGSEND = YES;
				GCC_C_LANGUAGE_STANDARD = gnu11;
				GCC_NO_COMMON_BLOCKS = YES;
				GCC_WARN_64_TO_32_BIT_CONVERSION = YES;
				GCC_WARN_ABOUT_RETURN_TYPE = YES_ERROR;
				GCC_WARN_UNDECLARED_SELECTOR = YES;
				GCC_WARN_UNINITIALIZED_AUTOS = YES_AGGRESSIVE;
				GCC_WARN_UNUSED_FUNCTION = YES;
				GCC_WARN_UNUSED_VARIABLE = YES;
				IPHONEOS_DEPLOYMENT_TARGET = 13.2;
				MTL_ENABLE_DEBUG_INFO = NO;
				MTL_FAST_MATH = YES;
				SDKROOT = iphoneos;
				SWIFT_COMPILATION_MODE = wholemodule;
				SWIFT_OPTIMIZATION_LEVEL = "-O";
				VALIDATE_PRODUCT = YES;
			};
			name = Release;
		};
		FA824D3923D4626300BDE864 /* Debug */ = {
			isa = XCBuildConfiguration;
			baseConfigurationReference = 1C121C6AFD44D33F71F95FF4 /* Pods-Restaurants.debug.xcconfig */;
			buildSettings = {
				ASSETCATALOG_COMPILER_APPICON_NAME = AppIcon;
				CODE_SIGN_STYLE = Automatic;
				INFOPLIST_FILE = Restaurants/Info.plist;
				LD_RUNPATH_SEARCH_PATHS = (
					"$(inherited)",
					"@executable_path/Frameworks",
				);
				PRODUCT_BUNDLE_IDENTIFIER = conm.github.elmodos.Restaurants;
				PRODUCT_NAME = "$(TARGET_NAME)";
				SWIFT_VERSION = 5.0;
				TARGETED_DEVICE_FAMILY = "1,2";
			};
			name = Debug;
		};
		FA824D3A23D4626300BDE864 /* Release */ = {
			isa = XCBuildConfiguration;
			baseConfigurationReference = 5660B4926A5155AD77014249 /* Pods-Restaurants.release.xcconfig */;
			buildSettings = {
				ASSETCATALOG_COMPILER_APPICON_NAME = AppIcon;
				CODE_SIGN_STYLE = Automatic;
				INFOPLIST_FILE = Restaurants/Info.plist;
				LD_RUNPATH_SEARCH_PATHS = (
					"$(inherited)",
					"@executable_path/Frameworks",
				);
				PRODUCT_BUNDLE_IDENTIFIER = conm.github.elmodos.Restaurants;
				PRODUCT_NAME = "$(TARGET_NAME)";
				SWIFT_VERSION = 5.0;
				TARGETED_DEVICE_FAMILY = "1,2";
			};
			name = Release;
		};
		FA824D3C23D4626300BDE864 /* Debug */ = {
			isa = XCBuildConfiguration;
			baseConfigurationReference = DFB9CCD19FE7B27D48650496 /* Pods-RestaurantsTests.debug.xcconfig */;
			buildSettings = {
				ALWAYS_EMBED_SWIFT_STANDARD_LIBRARIES = YES;
				BUNDLE_LOADER = "$(TEST_HOST)";
				CODE_SIGN_STYLE = Automatic;
				INFOPLIST_FILE = RestaurantsTests/Info.plist;
				IPHONEOS_DEPLOYMENT_TARGET = 13.2;
				LD_RUNPATH_SEARCH_PATHS = (
					"$(inherited)",
					"@executable_path/Frameworks",
					"@loader_path/Frameworks",
				);
				PRODUCT_BUNDLE_IDENTIFIER = conm.github.elmodos.RestaurantsTests;
				PRODUCT_NAME = "$(TARGET_NAME)";
				SWIFT_VERSION = 5.0;
				TARGETED_DEVICE_FAMILY = "1,2";
				TEST_HOST = "$(BUILT_PRODUCTS_DIR)/Restaurants.app/Restaurants";
			};
			name = Debug;
		};
		FA824D3D23D4626300BDE864 /* Release */ = {
			isa = XCBuildConfiguration;
			baseConfigurationReference = FCBC2D899E9E6619D561E6BB /* Pods-RestaurantsTests.release.xcconfig */;
			buildSettings = {
				ALWAYS_EMBED_SWIFT_STANDARD_LIBRARIES = YES;
				BUNDLE_LOADER = "$(TEST_HOST)";
				CODE_SIGN_STYLE = Automatic;
				INFOPLIST_FILE = RestaurantsTests/Info.plist;
				IPHONEOS_DEPLOYMENT_TARGET = 13.2;
				LD_RUNPATH_SEARCH_PATHS = (
					"$(inherited)",
					"@executable_path/Frameworks",
					"@loader_path/Frameworks",
				);
				PRODUCT_BUNDLE_IDENTIFIER = conm.github.elmodos.RestaurantsTests;
				PRODUCT_NAME = "$(TARGET_NAME)";
				SWIFT_VERSION = 5.0;
				TARGETED_DEVICE_FAMILY = "1,2";
				TEST_HOST = "$(BUILT_PRODUCTS_DIR)/Restaurants.app/Restaurants";
			};
			name = Release;
		};
/* End XCBuildConfiguration section */

/* Begin XCConfigurationList section */
		FA824D1123D4626000BDE864 /* Build configuration list for PBXProject "Restaurants" */ = {
			isa = XCConfigurationList;
			buildConfigurations = (
				FA824D3623D4626300BDE864 /* Debug */,
				FA824D3723D4626300BDE864 /* Release */,
			);
			defaultConfigurationIsVisible = 0;
			defaultConfigurationName = Release;
		};
		FA824D3823D4626300BDE864 /* Build configuration list for PBXNativeTarget "Restaurants" */ = {
			isa = XCConfigurationList;
			buildConfigurations = (
				FA824D3923D4626300BDE864 /* Debug */,
				FA824D3A23D4626300BDE864 /* Release */,
			);
			defaultConfigurationIsVisible = 0;
			defaultConfigurationName = Release;
		};
		FA824D3B23D4626300BDE864 /* Build configuration list for PBXNativeTarget "RestaurantsTests" */ = {
			isa = XCConfigurationList;
			buildConfigurations = (
				FA824D3C23D4626300BDE864 /* Debug */,
				FA824D3D23D4626300BDE864 /* Release */,
			);
			defaultConfigurationIsVisible = 0;
			defaultConfigurationName = Release;
		};
/* End XCConfigurationList section */

/* Begin XCVersionGroup section */
		FA824D2223D4626000BDE864 /* Restaurants.xcdatamodeld */ = {
			isa = XCVersionGroup;
			children = (
				FA824D2323D4626000BDE864 /* Restaurants.xcdatamodel */,
			);
			currentVersion = FA824D2323D4626000BDE864 /* Restaurants.xcdatamodel */;
			path = Restaurants.xcdatamodeld;
			sourceTree = "<group>";
			versionGroupType = wrapper.xcdatamodel;
		};
/* End XCVersionGroup section */
	};
	rootObject = FA824D0E23D4626000BDE864 /* Project object */;
}
